// !$*UTF8*$!
{
	archiveVersion = 1;
	classes = {
	};
	objectVersion = 46;
	objects = {

/* Begin PBXBuildFile section */
		A1C56D921DE46F5700BB4098 /* AppDelegate.swift in Sources */ = {isa = PBXBuildFile; fileRef = A1C56D911DE46F5700BB4098 /* AppDelegate.swift */; };
		A1C56D941DE46F5700BB4098 /* ViewController.swift in Sources */ = {isa = PBXBuildFile; fileRef = A1C56D931DE46F5700BB4098 /* ViewController.swift */; };
		A1C56D971DE46F5700BB4098 /* Main.storyboard in Resources */ = {isa = PBXBuildFile; fileRef = A1C56D951DE46F5700BB4098 /* Main.storyboard */; };
		A1C56D991DE46F5700BB4098 /* Assets.xcassets in Resources */ = {isa = PBXBuildFile; fileRef = A1C56D981DE46F5700BB4098 /* Assets.xcassets */; };
		A1C56D9C1DE46F5700BB4098 /* LaunchScreen.storyboard in Resources */ = {isa = PBXBuildFile; fileRef = A1C56D9A1DE46F5700BB4098 /* LaunchScreen.storyboard */; };
		A1C56DA71DE46F5700BB4098 /* MaintainmentTests.swift in Sources */ = {isa = PBXBuildFile; fileRef = A1C56DA61DE46F5700BB4098 /* MaintainmentTests.swift */; };
/* End PBXBuildFile section */

/* Begin PBXContainerItemProxy section */
		A1C56DA31DE46F5700BB4098 /* PBXContainerItemProxy */ = {
			isa = PBXContainerItemProxy;
			containerPortal = A1C56D861DE46F5600BB4098 /* Project object */;
			proxyType = 1;
			remoteGlobalIDString = A1C56D8D1DE46F5600BB4098;
			remoteInfo = Maintainment;
		};
/* End PBXContainerItemProxy section */

/* Begin PBXFileReference section */
		A1C56D8E1DE46F5700BB4098 /* Maintainment.app */ = {isa = PBXFileReference; explicitFileType = wrapper.application; includeInIndex = 0; path = Maintainment.app; sourceTree = BUILT_PRODUCTS_DIR; };
		A1C56D911DE46F5700BB4098 /* AppDelegate.swift */ = {isa = PBXFileReference; lastKnownFileType = sourcecode.swift; path = AppDelegate.swift; sourceTree = "<group>"; };
		A1C56D931DE46F5700BB4098 /* ViewController.swift */ = {isa = PBXFileReference; lastKnownFileType = sourcecode.swift; path = ViewController.swift; sourceTree = "<group>"; };
		A1C56D961DE46F5700BB4098 /* Base */ = {isa = PBXFileReference; lastKnownFileType = file.storyboard; name = Base; path = Base.lproj/Main.storyboard; sourceTree = "<group>"; };
		A1C56D981DE46F5700BB4098 /* Assets.xcassets */ = {isa = PBXFileReference; lastKnownFileType = folder.assetcatalog; path = Assets.xcassets; sourceTree = "<group>"; };
		A1C56D9B1DE46F5700BB4098 /* Base */ = {isa = PBXFileReference; lastKnownFileType = file.storyboard; name = Base; path = Base.lproj/LaunchScreen.storyboard; sourceTree = "<group>"; };
		A1C56D9D1DE46F5700BB4098 /* Info.plist */ = {isa = PBXFileReference; lastKnownFileType = text.plist.xml; path = Info.plist; sourceTree = "<group>"; };
		A1C56DA21DE46F5700BB4098 /* MaintainmentTests.xctest */ = {isa = PBXFileReference; explicitFileType = wrapper.cfbundle; includeInIndex = 0; path = MaintainmentTests.xctest; sourceTree = BUILT_PRODUCTS_DIR; };
		A1C56DA61DE46F5700BB4098 /* MaintainmentTests.swift */ = {isa = PBXFileReference; lastKnownFileType = sourcecode.swift; path = MaintainmentTests.swift; sourceTree = "<group>"; };
		A1C56DA81DE46F5700BB4098 /* Info.plist */ = {isa = PBXFileReference; lastKnownFileType = text.plist.xml; path = Info.plist; sourceTree = "<group>"; };
/* End PBXFileReference section */

/* Begin PBXFrameworksBuildPhase section */
		A1C56D8B1DE46F5600BB4098 /* Frameworks */ = {
			isa = PBXFrameworksBuildPhase;
			buildActionMask = 2147483647;
			files = (
			);
			runOnlyForDeploymentPostprocessing = 0;
		};
		A1C56D9F1DE46F5700BB4098 /* Frameworks */ = {
			isa = PBXFrameworksBuildPhase;
			buildActionMask = 2147483647;
			files = (
			);
			runOnlyForDeploymentPostprocessing = 0;
		};
/* End PBXFrameworksBuildPhase section */

/* Begin PBXGroup section */
		A1C56D851DE46F5600BB4098 = {
			isa = PBXGroup;
			children = (
				A1C56D901DE46F5700BB4098 /* Maintainment */,
				A1C56DA51DE46F5700BB4098 /* MaintainmentTests */,
				A1C56D8F1DE46F5700BB4098 /* Products */,
			);
			sourceTree = "<group>";
		};
		A1C56D8F1DE46F5700BB4098 /* Products */ = {
			isa = PBXGroup;
			children = (
				A1C56D8E1DE46F5700BB4098 /* Maintainment.app */,
				A1C56DA21DE46F5700BB4098 /* MaintainmentTests.xctest */,
			);
			name = Products;
			sourceTree = "<group>";
		};
		A1C56D901DE46F5700BB4098 /* Maintainment */ = {
			isa = PBXGroup;
			children = (
				A1C56D911DE46F5700BB4098 /* AppDelegate.swift */,
				A1C56D931DE46F5700BB4098 /* ViewController.swift */,
				A1C56D951DE46F5700BB4098 /* Main.storyboard */,
				A1C56D981DE46F5700BB4098 /* Assets.xcassets */,
				A1C56D9A1DE46F5700BB4098 /* LaunchScreen.storyboard */,
				A1C56D9D1DE46F5700BB4098 /* Info.plist */,
			);
			path = Maintainment;
			sourceTree = "<group>";
		};
		A1C56DA51DE46F5700BB4098 /* MaintainmentTests */ = {
			isa = PBXGroup;
			children = (
				A1C56DA61DE46F5700BB4098 /* MaintainmentTests.swift */,
				A1C56DA81DE46F5700BB4098 /* Info.plist */,
			);
			path = MaintainmentTests;
			sourceTree = "<group>";
		};
/* End PBXGroup section */

/* Begin PBXNativeTarget section */
		A1C56D8D1DE46F5600BB4098 /* Maintainment */ = {
			isa = PBXNativeTarget;
			buildConfigurationList = A1C56DAB1DE46F5700BB4098 /* Build configuration list for PBXNativeTarget "Maintainment" */;
			buildPhases = (
				A1C56D8A1DE46F5600BB4098 /* Sources */,
				A1C56D8B1DE46F5600BB4098 /* Frameworks */,
				A1C56D8C1DE46F5600BB4098 /* Resources */,
			);
			buildRules = (
			);
			dependencies = (
			);
			name = Maintainment;
			productName = Maintainment;
			productReference = A1C56D8E1DE46F5700BB4098 /* Maintainment.app */;
			productType = "com.apple.product-type.application";
		};
		A1C56DA11DE46F5700BB4098 /* MaintainmentTests */ = {
			isa = PBXNativeTarget;
			buildConfigurationList = A1C56DAE1DE46F5700BB4098 /* Build configuration list for PBXNativeTarget "MaintainmentTests" */;
			buildPhases = (
				A1C56D9E1DE46F5700BB4098 /* Sources */,
				A1C56D9F1DE46F5700BB4098 /* Frameworks */,
				A1C56DA01DE46F5700BB4098 /* Resources */,
			);
			buildRules = (
			);
			dependencies = (
				A1C56DA41DE46F5700BB4098 /* PBXTargetDependency */,
			);
			name = MaintainmentTests;
			productName = MaintainmentTests;
			productReference = A1C56DA21DE46F5700BB4098 /* MaintainmentTests.xctest */;
			productType = "com.apple.product-type.bundle.unit-test";
		};
/* End PBXNativeTarget section */

/* Begin PBXProject section */
		A1C56D861DE46F5600BB4098 /* Project object */ = {
			isa = PBXProject;
			attributes = {
				LastSwiftUpdateCheck = 0810;
				LastUpgradeCheck = 0810;
				ORGANIZATIONNAME = Lofberg;
				TargetAttributes = {
					A1C56D8D1DE46F5600BB4098 = {
						CreatedOnToolsVersion = 8.1;
						ProvisioningStyle = Automatic;
					};
					A1C56DA11DE46F5700BB4098 = {
						CreatedOnToolsVersion = 8.1;
						ProvisioningStyle = Automatic;
						TestTargetID = A1C56D8D1DE46F5600BB4098;
					};
				};
			};
			buildConfigurationList = A1C56D891DE46F5600BB4098 /* Build configuration list for PBXProject "Maintainment" */;
			compatibilityVersion = "Xcode 3.2";
			developmentRegion = English;
			hasScannedForEncodings = 0;
			knownRegions = (
				en,
				Base,
			);
			mainGroup = A1C56D851DE46F5600BB4098;
			productRefGroup = A1C56D8F1DE46F5700BB4098 /* Products */;
			projectDirPath = "";
			projectRoot = "";
			targets = (
				A1C56D8D1DE46F5600BB4098 /* Maintainment */,
				A1C56DA11DE46F5700BB4098 /* MaintainmentTests */,
			);
		};
/* End PBXProject section */

/* Begin PBXResourcesBuildPhase section */
		A1C56D8C1DE46F5600BB4098 /* Resources */ = {
			isa = PBXResourcesBuildPhase;
			buildActionMask = 2147483647;
			files = (
				A1C56D9C1DE46F5700BB4098 /* LaunchScreen.storyboard in Resources */,
				A1C56D991DE46F5700BB4098 /* Assets.xcassets in Resources */,
				A1C56D971DE46F5700BB4098 /* Main.storyboard in Resources */,
			);
			runOnlyForDeploymentPostprocessing = 0;
		};
		A1C56DA01DE46F5700BB4098 /* Resources */ = {
			isa = PBXResourcesBuildPhase;
			buildActionMask = 2147483647;
			files = (
			);
			runOnlyForDeploymentPostprocessing = 0;
		};
/* End PBXResourcesBuildPhase section */

/* Begin PBXSourcesBuildPhase section */
		A1C56D8A1DE46F5600BB4098 /* Sources */ = {
			isa = PBXSourcesBuildPhase;
			buildActionMask = 2147483647;
			files = (
				A1C56D941DE46F5700BB4098 /* ViewController.swift in Sources */,
				A1C56D921DE46F5700BB4098 /* AppDelegate.swift in Sources */,
			);
			runOnlyForDeploymentPostprocessing = 0;
		};
		A1C56D9E1DE46F5700BB4098 /* Sources */ = {
			isa = PBXSourcesBuildPhase;
			buildActionMask = 2147483647;
			files = (
				A1C56DA71DE46F5700BB4098 /* MaintainmentTests.swift in Sources */,
			);
			runOnlyForDeploymentPostprocessing = 0;
		};
/* End PBXSourcesBuildPhase section */

/* Begin PBXTargetDependency section */
		A1C56DA41DE46F5700BB4098 /* PBXTargetDependency */ = {
			isa = PBXTargetDependency;
			target = A1C56D8D1DE46F5600BB4098 /* Maintainment */;
			targetProxy = A1C56DA31DE46F5700BB4098 /* PBXContainerItemProxy */;
		};
/* End PBXTargetDependency section */

/* Begin PBXVariantGroup section */
		A1C56D951DE46F5700BB4098 /* Main.storyboard */ = {
			isa = PBXVariantGroup;
			children = (
				A1C56D961DE46F5700BB4098 /* Base */,
			);
			name = Main.storyboard;
			sourceTree = "<group>";
		};
		A1C56D9A1DE46F5700BB4098 /* LaunchScreen.storyboard */ = {
			isa = PBXVariantGroup;
			children = (
				A1C56D9B1DE46F5700BB4098 /* Base */,
			);
			name = LaunchScreen.storyboard;
			sourceTree = "<group>";
		};
/* End PBXVariantGroup section */

/* Begin XCBuildConfiguration section */
		A1C56DA91DE46F5700BB4098 /* Debug */ = {
			isa = XCBuildConfiguration;
			buildSettings = {
				ALWAYS_SEARCH_USER_PATHS = NO;
				CLANG_ANALYZER_NONNULL = YES;
				CLANG_CXX_LANGUAGE_STANDARD = "gnu++0x";
				CLANG_CXX_LIBRARY = "libc++";
				CLANG_ENABLE_MODULES = YES;
				CLANG_ENABLE_OBJC_ARC = YES;
				CLANG_WARN_BOOL_CONVERSION = YES;
				CLANG_WARN_CONSTANT_CONVERSION = YES;
				CLANG_WARN_DIRECT_OBJC_ISA_USAGE = YES_ERROR;
				CLANG_WARN_DOCUMENTATION_COMMENTS = YES;
				CLANG_WARN_EMPTY_BODY = YES;
				CLANG_WARN_ENUM_CONVERSION = YES;
				CLANG_WARN_INFINITE_RECURSION = YES;
				CLANG_WARN_INT_CONVERSION = YES;
				CLANG_WARN_OBJC_ROOT_CLASS = YES_ERROR;
				CLANG_WARN_SUSPICIOUS_MOVES = YES;
				CLANG_WARN_UNREACHABLE_CODE = YES;
				CLANG_WARN__DUPLICATE_METHOD_MATCH = YES;
				"CODE_SIGN_IDENTITY[sdk=iphoneos*]" = "iPhone Developer";
				COPY_PHASE_STRIP = NO;
				DEBUG_INFORMATION_FORMAT = dwarf;
				ENABLE_STRICT_OBJC_MSGSEND = YES;
				ENABLE_TESTABILITY = YES;
				GCC_C_LANGUAGE_STANDARD = gnu99;
				GCC_DYNAMIC_NO_PIC = NO;
				GCC_NO_COMMON_BLOCKS = YES;
				GCC_OPTIMIZATION_LEVEL = 0;
				GCC_PREPROCESSOR_DEFINITIONS = (
					"DEBUG=1",
					"$(inherited)",
				);
				GCC_WARN_64_TO_32_BIT_CONVERSION = YES;
				GCC_WARN_ABOUT_RETURN_TYPE = YES_ERROR;
				GCC_WARN_UNDECLARED_SELECTOR = YES;
				GCC_WARN_UNINITIALIZED_AUTOS = YES_AGGRESSIVE;
				GCC_WARN_UNUSED_FUNCTION = YES;
				GCC_WARN_UNUSED_VARIABLE = YES;
				IPHONEOS_DEPLOYMENT_TARGET = 10.1;
				MTL_ENABLE_DEBUG_INFO = YES;
				ONLY_ACTIVE_ARCH = YES;
				SDKROOT = iphoneos;
				SWIFT_ACTIVE_COMPILATION_CONDITIONS = DEBUG;
				SWIFT_OPTIMIZATION_LEVEL = "-Onone";
				TARGETED_DEVICE_FAMILY = "1,2";
			};
			name = Debug;
		};
		A1C56DAA1DE46F5700BB4098 /* Release */ = {
			isa = XCBuildConfiguration;
			buildSettings = {
				ALWAYS_SEARCH_USER_PATHS = NO;
				CLANG_ANALYZER_NONNULL = YES;
				CLANG_CXX_LANGUAGE_STANDARD = "gnu++0x";
				CLANG_CXX_LIBRARY = "libc++";
				CLANG_ENABLE_MODULES = YES;
				CLANG_ENABLE_OBJC_ARC = YES;
				CLANG_WARN_BOOL_CONVERSION = YES;
				CLANG_WARN_CONSTANT_CONVERSION = YES;
				CLANG_WARN_DIRECT_OBJC_ISA_USAGE = YES_ERROR;
				CLANG_WARN_DOCUMENTATION_COMMENTS = YES;
				CLANG_WARN_EMPTY_BODY = YES;
				CLANG_WARN_ENUM_CONVERSION = YES;
				CLANG_WARN_INFINITE_RECURSION = YES;
				CLANG_WARN_INT_CONVERSION = YES;
				CLANG_WARN_OBJC_ROOT_CLASS = YES_ERROR;
				CLANG_WARN_SUSPICIOUS_MOVES = YES;
				CLANG_WARN_UNREACHABLE_CODE = YES;
				CLANG_WARN__DUPLICATE_METHOD_MATCH = YES;
				"CODE_SIGN_IDENTITY[sdk=iphoneos*]" = "iPhone Developer";
				COPY_PHASE_STRIP = NO;
				DEBUG_INFORMATION_FORMAT = "dwarf-with-dsym";
				ENABLE_NS_ASSERTIONS = NO;
				ENABLE_STRICT_OBJC_MSGSEND = YES;
				GCC_C_LANGUAGE_STANDARD = gnu99;
				GCC_NO_COMMON_BLOCKS = YES;
				GCC_WARN_64_TO_32_BIT_CONVERSION = YES;
				GCC_WARN_ABOUT_RETURN_TYPE = YES_ERROR;
				GCC_WARN_UNDECLARED_SELECTOR = YES;
				GCC_WARN_UNINITIALIZED_AUTOS = YES_AGGRESSIVE;
				GCC_WARN_UNUSED_FUNCTION = YES;
				GCC_WARN_UNUSED_VARIABLE = YES;
				IPHONEOS_DEPLOYMENT_TARGET = 10.1;
				MTL_ENABLE_DEBUG_INFO = NO;
				SDKROOT = iphoneos;
				SWIFT_OPTIMIZATION_LEVEL = "-Owholemodule";
				TARGETED_DEVICE_FAMILY = "1,2";
				VALIDATE_PRODUCT = YES;
			};
			name = Release;
		};
		A1C56DAC1DE46F5700BB4098 /* Debug */ = {
			isa = XCBuildConfiguration;
			buildSettings = {
				ASSETCATALOG_COMPILER_APPICON_NAME = AppIcon;
				INFOPLIST_FILE = Maintainment/Info.plist;
				LD_RUNPATH_SEARCH_PATHS = "$(inherited) @executable_path/Frameworks";
				PRODUCT_BUNDLE_IDENTIFIER = se.lofberg.maintain.Maintainment;
				PRODUCT_NAME = "$(TARGET_NAME)";
				SWIFT_VERSION = 3.0;
			};
			name = Debug;
		};
		A1C56DAD1DE46F5700BB4098 /* Release */ = {
			isa = XCBuildConfiguration;
			buildSettings = {
				ASSETCATALOG_COMPILER_APPICON_NAME = AppIcon;
				INFOPLIST_FILE = Maintainment/Info.plist;
				LD_RUNPATH_SEARCH_PATHS = "$(inherited) @executable_path/Frameworks";
				PRODUCT_BUNDLE_IDENTIFIER = se.lofberg.maintain.Maintainment;
				PRODUCT_NAME = "$(TARGET_NAME)";
				SWIFT_VERSION = 3.0;
			};
			name = Release;
		};
		A1C56DAF1DE46F5700BB4098 /* Debug */ = {
			isa = XCBuildConfiguration;
			buildSettings = {
				ALWAYS_EMBED_SWIFT_STANDARD_LIBRARIES = YES;
				BUNDLE_LOADER = "$(TEST_HOST)";
				INFOPLIST_FILE = MaintainmentTests/Info.plist;
				LD_RUNPATH_SEARCH_PATHS = "$(inherited) @executable_path/Frameworks @loader_path/Frameworks";
				PRODUCT_BUNDLE_IDENTIFIER = se.lofberg.maintain.MaintainmentTests;
				PRODUCT_NAME = "$(TARGET_NAME)";
				SWIFT_VERSION = 3.0;
				TEST_HOST = "$(BUILT_PRODUCTS_DIR)/Maintainment.app/Maintainment";
			};
			name = Debug;
		};
		A1C56DB01DE46F5700BB4098 /* Release */ = {
			isa = XCBuildConfiguration;
			buildSettings = {
				ALWAYS_EMBED_SWIFT_STANDARD_LIBRARIES = YES;
				BUNDLE_LOADER = "$(TEST_HOST)";
				INFOPLIST_FILE = MaintainmentTests/Info.plist;
				LD_RUNPATH_SEARCH_PATHS = "$(inherited) @executable_path/Frameworks @loader_path/Frameworks";
				PRODUCT_BUNDLE_IDENTIFIER = se.lofberg.maintain.MaintainmentTests;
				PRODUCT_NAME = "$(TARGET_NAME)";
				SWIFT_VERSION = 3.0;
				TEST_HOST = "$(BUILT_PRODUCTS_DIR)/Maintainment.app/Maintainment";
			};
			name = Release;
		};
/* End XCBuildConfiguration section */

/* Begin XCConfigurationList section */
		A1C56D891DE46F5600BB4098 /* Build configuration list for PBXProject "Maintainment" */ = {
			isa = XCConfigurationList;
			buildConfigurations = (
				A1C56DA91DE46F5700BB4098 /* Debug */,
				A1C56DAA1DE46F5700BB4098 /* Release */,
			);
			defaultConfigurationIsVisible = 0;
			defaultConfigurationName = Release;
		};
		A1C56DAB1DE46F5700BB4098 /* Build configuration list for PBXNativeTarget "Maintainment" */ = {
			isa = XCConfigurationList;
			buildConfigurations = (
				A1C56DAC1DE46F5700BB4098 /* Debug */,
				A1C56DAD1DE46F5700BB4098 /* Release */,
			);
			defaultConfigurationIsVisible = 0;
		};
		A1C56DAE1DE46F5700BB4098 /* Build configuration list for PBXNativeTarget "MaintainmentTests" */ = {
			isa = XCConfigurationList;
			buildConfigurations = (
				A1C56DAF1DE46F5700BB4098 /* Debug */,
				A1C56DB01DE46F5700BB4098 /* Release */,
			);
			defaultConfigurationIsVisible = 0;
		};
/* End XCConfigurationList section */
	};
	rootObject = A1C56D861DE46F5600BB4098 /* Project object */;
}
